
Microsoft Visual Studio Solution File, Format Version 12.00
Project("{FAE04EC0-301F-11D3-BF4B-00C04F79EFBC}") = "ViewModelSerializationDemo", "ViewModelSerializationDemo\ViewModelSerializationDemo.csproj", "{B31245BC-E713-43B2-B683-5370BB68F37C}"
EndProject
Project("{FAE04EC0-301F-11D3-BF4B-00C04F79EFBC}") = "AxamlSerializationDemo", "AxamlSerializationDemo\AxamlSerializationDemo.csproj", "{1B68F007-F1B1-464B-8B50-B3E974D8C6AA}"
EndProject
Global
	GlobalSection(SolutionConfigurationPlatforms) = preSolution
		Debug|Any CPU = Debug|Any CPU
		Release|Any CPU = Release|Any CPU
	EndGlobalSection
	GlobalSection(ProjectConfigurationPlatforms) = postSolution
		{B31245BC-E713-43B2-B683-5370BB68F37C}.Debug|Any CPU.ActiveCfg = Debug|Any CPU
		{B31245BC-E713-43B2-B683-5370BB68F37C}.Debug|Any CPU.Build.0 = Debug|Any CPU
		{B31245BC-E713-43B2-B683-5370BB68F37C}.Release|Any CPU.ActiveCfg = Release|Any CPU
		{B31245BC-E713-43B2-B683-5370BB68F37C}.Release|Any CPU.Build.0 = Release|Any CPU
		{1B68F007-F1B1-464B-8B50-B3E974D8C6AA}.Debug|Any CPU.ActiveCfg = Debug|Any CPU
		{1B68F007-F1B1-464B-8B50-B3E974D8C6AA}.Debug|Any CPU.Build.0 = Debug|Any CPU
		{1B68F007-F1B1-464B-8B50-B3E974D8C6AA}.Release|Any CPU.ActiveCfg = Release|Any CPU
		{1B68F007-F1B1-464B-8B50-B3E974D8C6AA}.Release|Any CPU.Build.0 = Release|Any CPU
	EndGlobalSection
EndGlobal
